
Microsoft Visual Studio Solution File, Format Version 12.00
# Visual Studio Version 16
VisualStudioVersion = 16.0.31424.327
MinimumVisualStudioVersion = 10.0.40219.1
Project("{FAE04EC0-301F-11D3-BF4B-00C04F79EFBC}") = "classes", "classes\classes.csproj", "{69B0198E-BD48-4B08-AC3C-BD76E7942CF7}"
EndProject
Global
	GlobalSection(SolutionConfigurationPlatforms) = preSolution
		Debug|Any CPU = Debug|Any CPU
		Release|Any CPU = Release|Any CPU
	EndGlobalSection
	GlobalSection(ProjectConfigurationPlatforms) = postSolution
		{69B0198E-BD48-4B08-AC3C-BD76E7942CF7}.Debug|Any CPU.ActiveCfg = Debug|Any CPU
		{69B0198E-BD48-4B08-AC3C-BD76E7942CF7}.Debug|Any CPU.Build.0 = Debug|Any CPU
		{69B0198E-BD48-4B08-AC3C-BD76E7942CF7}.Release|Any CPU.ActiveCfg = Release|Any CPU
		{69B0198E-BD48-4B08-AC3C-BD76E7942CF7}.Release|Any CPU.Build.0 = Release|Any CPU
	EndGlobalSection
	GlobalSection(SolutionProperties) = preSolution
		HideSolutionNode = FALSE
	EndGlobalSection
	GlobalSection(ExtensibilityGlobals) = postSolution
		SolutionGuid = {7F330247-CEFD-4911-A7FF-D32034983CFC}
	EndGlobalSection
EndGlobal
